<?xml version="1.0" encoding="utf-8"?>
<Project ToolsVersion="4.0" xmlns="http://schemas.microsoft.com/developer/msbuild/2003">
  <ItemGroup>
    <Filter Include="Headerdateien">
      <UniqueIdentifier>{9ca5467f-5b60-47a0-b7ab-d717a4f384bf}</UniqueIdentifier>
      <Extensions>h;hpp;hxx;hm;inl;inc</Extensions>
    </Filter>
    <Filter Include="Quelldateien">
      <UniqueIdentifier>{0f20dd87-5a75-4288-bf41-7b2d1ac29bde}</UniqueIdentifier>
      <Extensions>cpp;c;cxx;def;odl;idl;hpj;bat;asm</Extensions>
    </Filter>
    <Filter Include="Ressourcendateien">
      <UniqueIdentifier>{33fa3f29-5f07-4f91-995d-9f734d05dae0}</UniqueIdentifier>
      <Extensions>rc;ico;cur;bmp;dlg;rc2;rct;bin;rgs;gif;jpg;jpeg;jpe</Extensions>
    </Filter>
  </ItemGroup>
  <ItemGroup>
    <ClCompile Include="EventLog.cpp">
      <Filter>Quelldateien</Filter>
    </ClCompile>
    <ClCompile Include="registry.cpp">
      <Filter>Quelldateien</Filter>
    </ClCompile>
    <ClCompile Include="stdafx.cpp">
      <Filter>Quelldateien</Filter>
    </ClCompile>
    <ClCompile Include="ServerSocket.cpp">
      <Filter>Quelldateien</Filter>
    </ClCompile>
    <ClCompile Include="ServiceApp.cpp">
      <Filter>Quelldateien</Filter>
    </ClCompile>
    <ClCompile Include="SimpleSocket.cpp">
      <Filter>Quelldateien</Filter>
    </ClCompile>
    <ClCompile Include="SimpleThread.cpp">
      <Filter>Quelldateien</Filter>
    </ClCompile>
    <ClCompile Include="ThreadSocket.cpp">
      <Filter>Quelldateien</Filter>
    </ClCompile>
    <ClCompile Include="WebSocket.cpp">
      <Filter>Quelldateien</Filter>
    </ClCompile>
    <ClCompile Include="ConsApp.cpp">
      <Filter>Quelldateien</Filter>
    </ClCompile>
    <ClCompile Include="InetException.cpp">
      <Filter>Quelldateien</Filter>
    </ClCompile>
    <ClCompile Include="SvcCntl.cpp">
      <Filter>Quelldateien</Filter>
    </ClCompile>
    <ClCompile Include="Ping.cpp">
      <Filter>Quelldateien</Filter>
    </ClCompile>
    <ClCompile Include="DriveCheck.cpp">
      <Filter>Quelldateien</Filter>
    </ClCompile>
    <ClCompile Include="SortedList.cpp">
      <Filter>Quelldateien</Filter>
    </ClCompile>
    <ClCompile Include="ShellUtil.cpp">
      <Filter>Quelldateien</Filter>
    </ClCompile>
    <ClCompile Include="HttpClient.cpp">
      <Filter>Quelldateien</Filter>
    </ClCompile>
  </ItemGroup>
  <ItemGroup>
    <ClInclude Include="EventLog.h">
      <Filter>Headerdateien</Filter>
    </ClInclude>
    <ClInclude Include="registry.h">
      <Filter>Headerdateien</Filter>
    </ClInclude>
    <ClInclude Include="stdafx.h">
      <Filter>Headerdateien</Filter>
    </ClInclude>
    <ClInclude Include="ServerSocket.h">
      <Filter>Headerdateien</Filter>
    </ClInclude>
    <ClInclude Include="ServiceApp.h">
      <Filter>Headerdateien</Filter>
    </ClInclude>
    <ClInclude Include="SimpleSocket.h">
      <Filter>Headerdateien</Filter>
    </ClInclude>
    <ClInclude Include="SimpleThread.h">
      <Filter>Headerdateien</Filter>
    </ClInclude>
    <ClInclude Include="ThreadSocket.h">
      <Filter>Headerdateien</Filter>
    </ClInclude>
    <ClInclude Include="WebSocket.h">
      <Filter>Headerdateien</Filter>
    </ClInclude>
    <ClInclude Include="ConsApp.h">
      <Filter>Headerdateien</Filter>
    </ClInclude>
    <ClInclude Include="SvcCntl.h">
      <Filter>Headerdateien</Filter>
    </ClInclude>
    <ClInclude Include="InetException.h">
      <Filter>Headerdateien</Filter>
    </ClInclude>
    <ClInclude Include="Ping.h">
      <Filter>Headerdateien</Filter>
    </ClInclude>
    <ClInclude Include="DriveCheck.h">
      <Filter>Headerdateien</Filter>
    </ClInclude>
    <ClInclude Include="SortedList.h">
      <Filter>Headerdateien</Filter>
    </ClInclude>
    <ClInclude Include="ShellUtil.h">
      <Filter>Headerdateien</Filter>
    </ClInclude>
    <ClInclude Include="HttpClient.h">
      <Filter>Headerdateien</Filter>
    </ClInclude>
  </ItemGroup>
  <ItemGroup>
    <None Include="ReadMe.txt" />
  </ItemGroup>
</Project>